hash: aee8c2f3eb62c269961f9677416c45dd4dff32d5bb2426573f0d4a3280cdeb6c
updated: 2018-07-29T14:22:04.965183813-03:00
imports:
- name: github.com/coreos/etcd
  version: d1f49d4a40fe4534794fc2e71f73a77b51c406d6
  subpackages:
  - client
  - clientv3
  - clientv3
  - pkg/pathutil
  - pkg/srv
  - pkg/types
  - version
- name: github.com/coreos/go-semver
  version: e214231b295a8ea9479f11b70b35d5acf3556d9b
  subpackages:
  - semver
- name: github.com/ugorji/go
  version: 0e8ffdb13c81bdb48fa80a963cf83f10a0f5a496
  subpackages:
  - codec
- name: golang.org/x/net
  version: 3673e40ba22529d22c3fd7c93e97b0ce50fa7bdd
  subpackages:
  - context
testImports: []
